
Microsoft Visual Studio Solution File, Format Version 12.00
# Visual Studio Version 16
VisualStudioVersion = 16.0.29806.167
MinimumVisualStudioVersion = 10.0.40219.1
Project("{FAE04EC0-301F-11D3-BF4B-00C04F79EFBC}") = "G06.Minesweeper.Winform", "G06.Minesweeper.Winform\G06.Minesweeper.Winform.csproj", "{3A97D593-85D9-473E-84EB-047B3A43865B}"
EndProject
Project("{FAE04EC0-301F-11D3-BF4B-00C04F79EFBC}") = "G06.Minesweeper.UWP", "G06.Minesweeper.UWP\G06.Minesweeper.UWP.csproj", "{225FB4F6-0D79-435B-A93A-211508DCE5DD}"
EndProject
Project("{9A19103F-16F7-4668-BE54-9A1E7A4F7556}") = "G06.Minesweeper.Common", "G06.Minesweeper.Common\G06.Minesweeper.Common.csproj", "{1CF0A6CB-5A79-46A9-9C4F-316C307D8AE1}"
EndProject
Project("{FAE04EC0-301F-11D3-BF4B-00C04F79EFBC}") = "ClassLibrary", "ClassLibrary\ClassLibrary.csproj", "{AB828C22-F171-4C0E-9DAC-778B29F19089}"
EndProject
Global
	GlobalSection(SolutionConfigurationPlatforms) = preSolution
		Debug|Any CPU = Debug|Any CPU
		Debug|ARM = Debug|ARM
		Debug|ARM64 = Debug|ARM64
		Debug|x64 = Debug|x64
		Debug|x86 = Debug|x86
		Release|Any CPU = Release|Any CPU
		Release|ARM = Release|ARM
		Release|ARM64 = Release|ARM64
		Release|x64 = Release|x64
		Release|x86 = Release|x86
	EndGlobalSection
	GlobalSection(ProjectConfigurationPlatforms) = postSolution
		{3A97D593-85D9-473E-84EB-047B3A43865B}.Debug|Any CPU.ActiveCfg = Debug|Any CPU
		{3A97D593-85D9-473E-84EB-047B3A43865B}.Debug|Any CPU.Build.0 = Debug|Any CPU
		{3A97D593-85D9-473E-84EB-047B3A43865B}.Debug|ARM.ActiveCfg = Debug|Any CPU
		{3A97D593-85D9-473E-84EB-047B3A43865B}.Debug|ARM.Build.0 = Debug|Any CPU
		{3A97D593-85D9-473E-84EB-047B3A43865B}.Debug|ARM64.ActiveCfg = Debug|Any CPU
		{3A97D593-85D9-473E-84EB-047B3A43865B}.Debug|ARM64.Build.0 = Debug|Any CPU
		{3A97D593-85D9-473E-84EB-047B3A43865B}.Debug|x64.ActiveCfg = Debug|Any CPU
		{3A97D593-85D9-473E-84EB-047B3A43865B}.Debug|x64.Build.0 = Debug|Any CPU
		{3A97D593-85D9-473E-84EB-047B3A43865B}.Debug|x86.ActiveCfg = Debug|Any CPU
		{3A97D593-85D9-473E-84EB-047B3A43865B}.Debug|x86.Build.0 = Debug|Any CPU
		{3A97D593-85D9-473E-84EB-047B3A43865B}.Release|Any CPU.ActiveCfg = Release|Any CPU
		{3A97D593-85D9-473E-84EB-047B3A43865B}.Release|Any CPU.Build.0 = Release|Any CPU
		{3A97D593-85D9-473E-84EB-047B3A43865B}.Release|ARM.ActiveCfg = Release|Any CPU
		{3A97D593-85D9-473E-84EB-047B3A43865B}.Release|ARM.Build.0 = Release|Any CPU
		{3A97D593-85D9-473E-84EB-047B3A43865B}.Release|ARM64.ActiveCfg = Release|Any CPU
		{3A97D593-85D9-473E-84EB-047B3A43865B}.Release|ARM64.Build.0 = Release|Any CPU
		{3A97D593-85D9-473E-84EB-047B3A43865B}.Release|x64.ActiveCfg = Release|Any CPU
		{3A97D593-85D9-473E-84EB-047B3A43865B}.Release|x64.Build.0 = Release|Any CPU
		{3A97D593-85D9-473E-84EB-047B3A43865B}.Release|x86.ActiveCfg = Release|Any CPU
		{3A97D593-85D9-473E-84EB-047B3A43865B}.Release|x86.Build.0 = Release|Any CPU
		{225FB4F6-0D79-435B-A93A-211508DCE5DD}.Debug|Any CPU.ActiveCfg = Debug|x86
		{225FB4F6-0D79-435B-A93A-211508DCE5DD}.Debug|ARM.ActiveCfg = Debug|ARM
		{225FB4F6-0D79-435B-A93A-211508DCE5DD}.Debug|ARM.Build.0 = Debug|ARM
		{225FB4F6-0D79-435B-A93A-211508DCE5DD}.Debug|ARM.Deploy.0 = Debug|ARM
		{225FB4F6-0D79-435B-A93A-211508DCE5DD}.Debug|ARM64.ActiveCfg = Debug|ARM64
		{225FB4F6-0D79-435B-A93A-211508DCE5DD}.Debug|ARM64.Build.0 = Debug|ARM64
		{225FB4F6-0D79-435B-A93A-211508DCE5DD}.Debug|ARM64.Deploy.0 = Debug|ARM64
		{225FB4F6-0D79-435B-A93A-211508DCE5DD}.Debug|x64.ActiveCfg = Debug|x64
		{225FB4F6-0D79-435B-A93A-211508DCE5DD}.Debug|x64.Build.0 = Debug|x64
		{225FB4F6-0D79-435B-A93A-211508DCE5DD}.Debug|x64.Deploy.0 = Debug|x64
		{225FB4F6-0D79-435B-A93A-211508DCE5DD}.Debug|x86.ActiveCfg = Debug|x86
		{225FB4F6-0D79-435B-A93A-211508DCE5DD}.Debug|x86.Build.0 = Debug|x86
		{225FB4F6-0D79-435B-A93A-211508DCE5DD}.Debug|x86.Deploy.0 = Debug|x86
		{225FB4F6-0D79-435B-A93A-211508DCE5DD}.Release|Any CPU.ActiveCfg = Release|x86
		{225FB4F6-0D79-435B-A93A-211508DCE5DD}.Release|ARM.ActiveCfg = Release|ARM
		{225FB4F6-0D79-435B-A93A-211508DCE5DD}.Release|ARM.Build.0 = Release|ARM
		{225FB4F6-0D79-435B-A93A-211508DCE5DD}.Release|ARM.Deploy.0 = Release|ARM
		{225FB4F6-0D79-435B-A93A-211508DCE5DD}.Release|ARM64.ActiveCfg = Release|ARM64
		{225FB4F6-0D79-435B-A93A-211508DCE5DD}.Release|ARM64.Build.0 = Release|ARM64
		{225FB4F6-0D79-435B-A93A-211508DCE5DD}.Release|ARM64.Deploy.0 = Release|ARM64
		{225FB4F6-0D79-435B-A93A-211508DCE5DD}.Release|x64.ActiveCfg = Release|x64
		{225FB4F6-0D79-435B-A93A-211508DCE5DD}.Release|x64.Build.0 = Release|x64
		{225FB4F6-0D79-435B-A93A-211508DCE5DD}.Release|x64.Deploy.0 = Release|x64
		{225FB4F6-0D79-435B-A93A-211508DCE5DD}.Release|x86.ActiveCfg = Release|x86
		{225FB4F6-0D79-435B-A93A-211508DCE5DD}.Release|x86.Build.0 = Release|x86
		{225FB4F6-0D79-435B-A93A-211508DCE5DD}.Release|x86.Deploy.0 = Release|x86
		{1CF0A6CB-5A79-46A9-9C4F-316C307D8AE1}.Debug|Any CPU.ActiveCfg = Debug|Any CPU
		{1CF0A6CB-5A79-46A9-9C4F-316C307D8AE1}.Debug|Any CPU.Build.0 = Debug|Any CPU
		{1CF0A6CB-5A79-46A9-9C4F-316C307D8AE1}.Debug|ARM.ActiveCfg = Debug|Any CPU
		{1CF0A6CB-5A79-46A9-9C4F-316C307D8AE1}.Debug|ARM.Build.0 = Debug|Any CPU
		{1CF0A6CB-5A79-46A9-9C4F-316C307D8AE1}.Debug|ARM64.ActiveCfg = Debug|Any CPU
		{1CF0A6CB-5A79-46A9-9C4F-316C307D8AE1}.Debug|ARM64.Build.0 = Debug|Any CPU
		{1CF0A6CB-5A79-46A9-9C4F-316C307D8AE1}.Debug|x64.ActiveCfg = Debug|Any CPU
		{1CF0A6CB-5A79-46A9-9C4F-316C307D8AE1}.Debug|x64.Build.0 = Debug|Any CPU
		{1CF0A6CB-5A79-46A9-9C4F-316C307D8AE1}.Debug|x86.ActiveCfg = Debug|Any CPU
		{1CF0A6CB-5A79-46A9-9C4F-316C307D8AE1}.Debug|x86.Build.0 = Debug|Any CPU
		{1CF0A6CB-5A79-46A9-9C4F-316C307D8AE1}.Release|Any CPU.ActiveCfg = Release|Any CPU
		{1CF0A6CB-5A79-46A9-9C4F-316C307D8AE1}.Release|Any CPU.Build.0 = Release|Any CPU
		{1CF0A6CB-5A79-46A9-9C4F-316C307D8AE1}.Release|ARM.ActiveCfg = Release|Any CPU
		{1CF0A6CB-5A79-46A9-9C4F-316C307D8AE1}.Release|ARM.Build.0 = Release|Any CPU
		{1CF0A6CB-5A79-46A9-9C4F-316C307D8AE1}.Release|ARM64.ActiveCfg = Release|Any CPU
		{1CF0A6CB-5A79-46A9-9C4F-316C307D8AE1}.Release|ARM64.Build.0 = Release|Any CPU
		{1CF0A6CB-5A79-46A9-9C4F-316C307D8AE1}.Release|x64.ActiveCfg = Release|Any CPU
		{1CF0A6CB-5A79-46A9-9C4F-316C307D8AE1}.Release|x64.Build.0 = Release|Any CPU
		{1CF0A6CB-5A79-46A9-9C4F-316C307D8AE1}.Release|x86.ActiveCfg = Release|Any CPU
		{1CF0A6CB-5A79-46A9-9C4F-316C307D8AE1}.Release|x86.Build.0 = Release|Any CPU
		{AB828C22-F171-4C0E-9DAC-778B29F19089}.Debug|Any CPU.ActiveCfg = Debug|Any CPU
		{AB828C22-F171-4C0E-9DAC-778B29F19089}.Debug|Any CPU.Build.0 = Debug|Any CPU
		{AB828C22-F171-4C0E-9DAC-778B29F19089}.Debug|ARM.ActiveCfg = Debug|Any CPU
		{AB828C22-F171-4C0E-9DAC-778B29F19089}.Debug|ARM.Build.0 = Debug|Any CPU
		{AB828C22-F171-4C0E-9DAC-778B29F19089}.Debug|ARM64.ActiveCfg = Debug|Any CPU
		{AB828C22-F171-4C0E-9DAC-778B29F19089}.Debug|ARM64.Build.0 = Debug|Any CPU
		{AB828C22-F171-4C0E-9DAC-778B29F19089}.Debug|x64.ActiveCfg = Debug|Any CPU
		{AB828C22-F171-4C0E-9DAC-778B29F19089}.Debug|x64.Build.0 = Debug|Any CPU
		{AB828C22-F171-4C0E-9DAC-778B29F19089}.Debug|x86.ActiveCfg = Debug|Any CPU
		{AB828C22-F171-4C0E-9DAC-778B29F19089}.Debug|x86.Build.0 = Debug|Any CPU
		{AB828C22-F171-4C0E-9DAC-778B29F19089}.Release|Any CPU.ActiveCfg = Release|Any CPU
		{AB828C22-F171-4C0E-9DAC-778B29F19089}.Release|Any CPU.Build.0 = Release|Any CPU
		{AB828C22-F171-4C0E-9DAC-778B29F19089}.Release|ARM.ActiveCfg = Release|Any CPU
		{AB828C22-F171-4C0E-9DAC-778B29F19089}.Release|ARM.Build.0 = Release|Any CPU
		{AB828C22-F171-4C0E-9DAC-778B29F19089}.Release|ARM64.ActiveCfg = Release|Any CPU
		{AB828C22-F171-4C0E-9DAC-778B29F19089}.Release|ARM64.Build.0 = Release|Any CPU
		{AB828C22-F171-4C0E-9DAC-778B29F19089}.Release|x64.ActiveCfg = Release|Any CPU
		{AB828C22-F171-4C0E-9DAC-778B29F19089}.Release|x64.Build.0 = Release|Any CPU
		{AB828C22-F171-4C0E-9DAC-778B29F19089}.Release|x86.ActiveCfg = Release|Any CPU
		{AB828C22-F171-4C0E-9DAC-778B29F19089}.Release|x86.Build.0 = Release|Any CPU
	EndGlobalSection
	GlobalSection(SolutionProperties) = preSolution
		HideSolutionNode = FALSE
	EndGlobalSection
	GlobalSection(ExtensibilityGlobals) = postSolution
		SolutionGuid = {14D3CE4E-58B3-41EA-843E-0EDDF5FD6140}
	EndGlobalSection
EndGlobal
